
Microsoft Visual Studio Solution File, Format Version 12.00
# Visual Studio 15
VisualStudioVersion = 15.0.28307.572
MinimumVisualStudioVersion = 10.0.40219.1
Project("{9A19103F-16F7-4668-BE54-9A1E7A4F7556}") = "EmployeeManagement", "EmployeeManagement\EmployeeManagement.csproj", "{0DB1D83C-57BB-4B37-A472-E9FBFC2AB595}"
EndProject
Global
	GlobalSection(SolutionConfigurationPlatforms) = preSolution
		Debug|Any CPU = Debug|Any CPU
		Release|Any CPU = Release|Any CPU
	EndGlobalSection
	GlobalSection(ProjectConfigurationPlatforms) = postSolution
		{0DB1D83C-57BB-4B37-A472-E9FBFC2AB595}.Debug|Any CPU.ActiveCfg = Debug|Any CPU
		{0DB1D83C-57BB-4B37-A472-E9FBFC2AB595}.Debug|Any CPU.Build.0 = Debug|Any CPU
		{0DB1D83C-57BB-4B37-A472-E9FBFC2AB595}.Release|Any CPU.ActiveCfg = Release|Any CPU
		{0DB1D83C-57BB-4B37-A472-E9FBFC2AB595}.Release|Any CPU.Build.0 = Release|Any CPU
	EndGlobalSection
	GlobalSection(SolutionProperties) = preSolution
		HideSolutionNode = FALSE
	EndGlobalSection
	GlobalSection(ExtensibilityGlobals) = postSolution
		SolutionGuid = {318B1E50-5525-4F78-A936-27B87417BDE2}
	EndGlobalSection
EndGlobal
